
Microsoft Visual Studio Solution File, Format Version 12.00
# Visual Studio Version 17
VisualStudioVersion = 17.8.34330.188
MinimumVisualStudioVersion = 10.0.40219.1
Project("{FAE04EC0-301F-11D3-BF4B-00C04F79EFBC}") = "WebViewIssue", "WebViewIssue\WebViewIssue.csproj", "{CB77A226-5985-48E1-A3F5-8CA28F226BEB}"
EndProject
Global
	GlobalSection(SolutionConfigurationPlatforms) = preSolution
		Debug|Any CPU = Debug|Any CPU
		Release|Any CPU = Release|Any CPU
	EndGlobalSection
	GlobalSection(ProjectConfigurationPlatforms) = postSolution
		{CB77A226-5985-48E1-A3F5-8CA28F226BEB}.Debug|Any CPU.ActiveCfg = Debug|Any CPU
		{CB77A226-5985-48E1-A3F5-8CA28F226BEB}.Debug|Any CPU.Build.0 = Debug|Any CPU
		{CB77A226-5985-48E1-A3F5-8CA28F226BEB}.Debug|Any CPU.Deploy.0 = Debug|Any CPU
		{CB77A226-5985-48E1-A3F5-8CA28F226BEB}.Release|Any CPU.ActiveCfg = Release|Any CPU
		{CB77A226-5985-48E1-A3F5-8CA28F226BEB}.Release|Any CPU.Build.0 = Release|Any CPU
		{CB77A226-5985-48E1-A3F5-8CA28F226BEB}.Release|Any CPU.Deploy.0 = Release|Any CPU
	EndGlobalSection
	GlobalSection(SolutionProperties) = preSolution
		HideSolutionNode = FALSE
	EndGlobalSection
	GlobalSection(ExtensibilityGlobals) = postSolution
		SolutionGuid = {56E7BAF9-B5CC-4C36-8392-0490C5129746}
	EndGlobalSection
EndGlobal
